// !$*UTF8*$!
{
	archiveVersion = 1;
	classes = {
	};
	objectVersion = 50;
	objects = {

/* Begin PBXBuildFile section */
		4C7064822524FB5C001C2372 /* SwiftUITwoTodoMobileApp.swift in Sources */ = {isa = PBXBuildFile; fileRef = 4C7064812524FB5C001C2372 /* SwiftUITwoTodoMobileApp.swift */; };
		4C7064842524FB5C001C2372 /* ContentView.swift in Sources */ = {isa = PBXBuildFile; fileRef = 4C7064832524FB5C001C2372 /* ContentView.swift */; };
		4C7064862524FB5F001C2372 /* Assets.xcassets in Resources */ = {isa = PBXBuildFile; fileRef = 4C7064852524FB5F001C2372 /* Assets.xcassets */; };
		4C7064892524FB5F001C2372 /* Preview Assets.xcassets in Resources */ = {isa = PBXBuildFile; fileRef = 4C7064882524FB5F001C2372 /* Preview Assets.xcassets */; };
		4C70648B2524FB5F001C2372 /* Persistence.swift in Sources */ = {isa = PBXBuildFile; fileRef = 4C70648A2524FB5F001C2372 /* Persistence.swift */; };
		4C70648E2524FB5F001C2372 /* SwiftUITwoTodoMobile.xcdatamodeld in Sources */ = {isa = PBXBuildFile; fileRef = 4C70648C2524FB5F001C2372 /* SwiftUITwoTodoMobile.xcdatamodeld */; };
		4C7064992524FB5F001C2372 /* SwiftUITwoTodoMobileTests.swift in Sources */ = {isa = PBXBuildFile; fileRef = 4C7064982524FB5F001C2372 /* SwiftUITwoTodoMobileTests.swift */; };
		4C7064A42524FB5F001C2372 /* SwiftUITwoTodoMobileUITests.swift in Sources */ = {isa = PBXBuildFile; fileRef = 4C7064A32524FB5F001C2372 /* SwiftUITwoTodoMobileUITests.swift */; };
		4C8074B62527B41B0082A935 /* ItemForm.swift in Sources */ = {isa = PBXBuildFile; fileRef = 4C8074B52527B41A0082A935 /* ItemForm.swift */; };
		4CE8DC112528B5F300375423 /* NSManagedObjectContext+SaveOrAlert.swift in Sources */ = {isa = PBXBuildFile; fileRef = 4CE8DC102528B5F300375423 /* NSManagedObjectContext+SaveOrAlert.swift */; };
/* End PBXBuildFile section */

/* Begin PBXContainerItemProxy section */
		4C7064952524FB5F001C2372 /* PBXContainerItemProxy */ = {
			isa = PBXContainerItemProxy;
			containerPortal = 4C7063FC2524F932001C2372 /* Project object */;
			proxyType = 1;
			remoteGlobalIDString = 4C70647E2524FB5C001C2372;
			remoteInfo = SwiftUITwoTodoMobile;
		};
		4C7064A02524FB5F001C2372 /* PBXContainerItemProxy */ = {
			isa = PBXContainerItemProxy;
			containerPortal = 4C7063FC2524F932001C2372 /* Project object */;
			proxyType = 1;
			remoteGlobalIDString = 4C70647E2524FB5C001C2372;
			remoteInfo = SwiftUITwoTodoMobile;
		};
/* End PBXContainerItemProxy section */

/* Begin PBXFileReference section */
		4C70647F2524FB5C001C2372 /* SwiftUITwoTodoMobile.app */ = {isa = PBXFileReference; explicitFileType = wrapper.application; includeInIndex = 0; path = SwiftUITwoTodoMobile.app; sourceTree = BUILT_PRODUCTS_DIR; };
		4C7064812524FB5C001C2372 /* SwiftUITwoTodoMobileApp.swift */ = {isa = PBXFileReference; lastKnownFileType = sourcecode.swift; path = SwiftUITwoTodoMobileApp.swift; sourceTree = "<group>"; };
		4C7064832524FB5C001C2372 /* ContentView.swift */ = {isa = PBXFileReference; lastKnownFileType = sourcecode.swift; path = ContentView.swift; sourceTree = "<group>"; };
		4C7064852524FB5F001C2372 /* Assets.xcassets */ = {isa = PBXFileReference; lastKnownFileType = folder.assetcatalog; path = Assets.xcassets; sourceTree = "<group>"; };
		4C7064882524FB5F001C2372 /* Preview Assets.xcassets */ = {isa = PBXFileReference; lastKnownFileType = folder.assetcatalog; path = "Preview Assets.xcassets"; sourceTree = "<group>"; };
		4C70648A2524FB5F001C2372 /* Persistence.swift */ = {isa = PBXFileReference; lastKnownFileType = sourcecode.swift; path = Persistence.swift; sourceTree = "<group>"; };
		4C70648D2524FB5F001C2372 /* SwiftUITwoTodoMobile.xcdatamodel */ = {isa = PBXFileReference; lastKnownFileType = wrapper.xcdatamodel; path = SwiftUITwoTodoMobile.xcdatamodel; sourceTree = "<group>"; };
		4C70648F2524FB5F001C2372 /* Info.plist */ = {isa = PBXFileReference; lastKnownFileType = text.plist.xml; path = Info.plist; sourceTree = "<group>"; };
		4C7064942524FB5F001C2372 /* SwiftUITwoTodoMobileTests.xctest */ = {isa = PBXFileReference; explicitFileType = wrapper.cfbundle; includeInIndex = 0; path = SwiftUITwoTodoMobileTests.xctest; sourceTree = BUILT_PRODUCTS_DIR; };
		4C7064982524FB5F001C2372 /* SwiftUITwoTodoMobileTests.swift */ = {isa = PBXFileReference; lastKnownFileType = sourcecode.swift; path = SwiftUITwoTodoMobileTests.swift; sourceTree = "<group>"; };
		4C70649A2524FB5F001C2372 /* Info.plist */ = {isa = PBXFileReference; lastKnownFileType = text.plist.xml; path = Info.plist; sourceTree = "<group>"; };
		4C70649F2524FB5F001C2372 /* SwiftUITwoTodoMobileUITests.xctest */ = {isa = PBXFileReference; explicitFileType = wrapper.cfbundle; includeInIndex = 0; path = SwiftUITwoTodoMobileUITests.xctest; sourceTree = BUILT_PRODUCTS_DIR; };
		4C7064A32524FB5F001C2372 /* SwiftUITwoTodoMobileUITests.swift */ = {isa = PBXFileReference; lastKnownFileType = sourcecode.swift; path = SwiftUITwoTodoMobileUITests.swift; sourceTree = "<group>"; };
		4C7064A52524FB5F001C2372 /* Info.plist */ = {isa = PBXFileReference; lastKnownFileType = text.plist.xml; path = Info.plist; sourceTree = "<group>"; };
		4C8074B52527B41A0082A935 /* ItemForm.swift */ = {isa = PBXFileReference; lastKnownFileType = sourcecode.swift; path = ItemForm.swift; sourceTree = "<group>"; };
		4CE8DC102528B5F300375423 /* NSManagedObjectContext+SaveOrAlert.swift */ = {isa = PBXFileReference; lastKnownFileType = sourcecode.swift; path = "NSManagedObjectContext+SaveOrAlert.swift"; sourceTree = "<group>"; };
/* End PBXFileReference section */

/* Begin PBXFrameworksBuildPhase section */
		4C70647C2524FB5C001C2372 /* Frameworks */ = {
			isa = PBXFrameworksBuildPhase;
			buildActionMask = 2147483647;
			files = (
			);
			runOnlyForDeploymentPostprocessing = 0;
		};
		4C7064912524FB5F001C2372 /* Frameworks */ = {
			isa = PBXFrameworksBuildPhase;
			buildActionMask = 2147483647;
			files = (
			);
			runOnlyForDeploymentPostprocessing = 0;
		};
		4C70649C2524FB5F001C2372 /* Frameworks */ = {
			isa = PBXFrameworksBuildPhase;
			buildActionMask = 2147483647;
			files = (
			);
			runOnlyForDeploymentPostprocessing = 0;
		};
/* End PBXFrameworksBuildPhase section */

/* Begin PBXGroup section */
		4C7063FB2524F932001C2372 = {
			isa = PBXGroup;
			children = (
				4C7064802524FB5C001C2372 /* SwiftUITwoTodoMobile */,
				4C7064972524FB5F001C2372 /* SwiftUITwoTodoMobileTests */,
				4C7064A22524FB5F001C2372 /* SwiftUITwoTodoMobileUITests */,
				4C70640A2524F9CA001C2372 /* Products */,
			);
			sourceTree = "<group>";
		};
		4C70640A2524F9CA001C2372 /* Products */ = {
			isa = PBXGroup;
			children = (
				4C70647F2524FB5C001C2372 /* SwiftUITwoTodoMobile.app */,
				4C7064942524FB5F001C2372 /* SwiftUITwoTodoMobileTests.xctest */,
				4C70649F2524FB5F001C2372 /* SwiftUITwoTodoMobileUITests.xctest */,
			);
			name = Products;
			sourceTree = "<group>";
		};
		4C7064802524FB5C001C2372 /* SwiftUITwoTodoMobile */ = {
			isa = PBXGroup;
			children = (
				4C7064812524FB5C001C2372 /* SwiftUITwoTodoMobileApp.swift */,
				4C7064832524FB5C001C2372 /* ContentView.swift */,
				4C7064852524FB5F001C2372 /* Assets.xcassets */,
				4C70648A2524FB5F001C2372 /* Persistence.swift */,
				4C70648F2524FB5F001C2372 /* Info.plist */,
				4C70648C2524FB5F001C2372 /* SwiftUITwoTodoMobile.xcdatamodeld */,
				4C7064872524FB5F001C2372 /* Preview Content */,
				4C8074B52527B41A0082A935 /* ItemForm.swift */,
				4CE8DC102528B5F300375423 /* NSManagedObjectContext+SaveOrAlert.swift */,
			);
			path = SwiftUITwoTodoMobile;
			sourceTree = "<group>";
		};
		4C7064872524FB5F001C2372 /* Preview Content */ = {
			isa = PBXGroup;
			children = (
				4C7064882524FB5F001C2372 /* Preview Assets.xcassets */,
			);
			path = "Preview Content";
			sourceTree = "<group>";
		};
		4C7064972524FB5F001C2372 /* SwiftUITwoTodoMobileTests */ = {
			isa = PBXGroup;
			children = (
				4C7064982524FB5F001C2372 /* SwiftUITwoTodoMobileTests.swift */,
				4C70649A2524FB5F001C2372 /* Info.plist */,
			);
			path = SwiftUITwoTodoMobileTests;
			sourceTree = "<group>";
		};
		4C7064A22524FB5F001C2372 /* SwiftUITwoTodoMobileUITests */ = {
			isa = PBXGroup;
			children = (
				4C7064A32524FB5F001C2372 /* SwiftUITwoTodoMobileUITests.swift */,
				4C7064A52524FB5F001C2372 /* Info.plist */,
			);
			path = SwiftUITwoTodoMobileUITests;
			sourceTree = "<group>";
		};
/* End PBXGroup section */

/* Begin PBXNativeTarget section */
		4C70647E2524FB5C001C2372 /* SwiftUITwoTodoMobile */ = {
			isa = PBXNativeTarget;
			buildConfigurationList = 4C7064A62524FB5F001C2372 /* Build configuration list for PBXNativeTarget "SwiftUITwoTodoMobile" */;
			buildPhases = (
				4C70647B2524FB5C001C2372 /* Sources */,
				4C70647C2524FB5C001C2372 /* Frameworks */,
				4C70647D2524FB5C001C2372 /* Resources */,
			);
			buildRules = (
			);
			dependencies = (
			);
			name = SwiftUITwoTodoMobile;
			productName = SwiftUITwoTodoMobile;
			productReference = 4C70647F2524FB5C001C2372 /* SwiftUITwoTodoMobile.app */;
			productType = "com.apple.product-type.application";
		};
		4C7064932524FB5F001C2372 /* SwiftUITwoTodoMobileTests */ = {
			isa = PBXNativeTarget;
			buildConfigurationList = 4C7064A92524FB5F001C2372 /* Build configuration list for PBXNativeTarget "SwiftUITwoTodoMobileTests" */;
			buildPhases = (
				4C7064902524FB5F001C2372 /* Sources */,
				4C7064912524FB5F001C2372 /* Frameworks */,
				4C7064922524FB5F001C2372 /* Resources */,
			);
			buildRules = (
			);
			dependencies = (
				4C7064962524FB5F001C2372 /* PBXTargetDependency */,
			);
			name = SwiftUITwoTodoMobileTests;
			productName = SwiftUITwoTodoMobileTests;
			productReference = 4C7064942524FB5F001C2372 /* SwiftUITwoTodoMobileTests.xctest */;
			productType = "com.apple.product-type.bundle.unit-test";
		};
		4C70649E2524FB5F001C2372 /* SwiftUITwoTodoMobileUITests */ = {
			isa = PBXNativeTarget;
			buildConfigurationList = 4C7064AC2524FB5F001C2372 /* Build configuration list for PBXNativeTarget "SwiftUITwoTodoMobileUITests" */;
			buildPhases = (
				4C70649B2524FB5F001C2372 /* Sources */,
				4C70649C2524FB5F001C2372 /* Frameworks */,
				4C70649D2524FB5F001C2372 /* Resources */,
			);
			buildRules = (
			);
			dependencies = (
				4C7064A12524FB5F001C2372 /* PBXTargetDependency */,
			);
			name = SwiftUITwoTodoMobileUITests;
			productName = SwiftUITwoTodoMobileUITests;
			productReference = 4C70649F2524FB5F001C2372 /* SwiftUITwoTodoMobileUITests.xctest */;
			productType = "com.apple.product-type.bundle.ui-testing";
		};
/* End PBXNativeTarget section */

/* Begin PBXProject section */
		4C7063FC2524F932001C2372 /* Project object */ = {
			isa = PBXProject;
			attributes = {
				LastSwiftUpdateCheck = 1200;
				LastUpgradeCheck = 1200;
				TargetAttributes = {
					4C70647E2524FB5C001C2372 = {
						CreatedOnToolsVersion = 12.0.1;
					};
					4C7064932524FB5F001C2372 = {
						CreatedOnToolsVersion = 12.0.1;
						TestTargetID = 4C70647E2524FB5C001C2372;
					};
					4C70649E2524FB5F001C2372 = {
						CreatedOnToolsVersion = 12.0.1;
						TestTargetID = 4C70647E2524FB5C001C2372;
					};
				};
			};
			buildConfigurationList = 4C7063FF2524F932001C2372 /* Build configuration list for PBXProject "SwiftUITwoTodo" */;
			compatibilityVersion = "Xcode 9.3";
			developmentRegion = en;
			hasScannedForEncodings = 0;
			knownRegions = (
				en,
				Base,
			);
			mainGroup = 4C7063FB2524F932001C2372;
			productRefGroup = 4C70640A2524F9CA001C2372 /* Products */;
			projectDirPath = "";
			projectRoot = "";
			targets = (
				4C70647E2524FB5C001C2372 /* SwiftUITwoTodoMobile */,
				4C7064932524FB5F001C2372 /* SwiftUITwoTodoMobileTests */,
				4C70649E2524FB5F001C2372 /* SwiftUITwoTodoMobileUITests */,
			);
		};
/* End PBXProject section */

/* Begin PBXResourcesBuildPhase section */
		4C70647D2524FB5C001C2372 /* Resources */ = {
			isa = PBXResourcesBuildPhase;
			buildActionMask = 2147483647;
			files = (
				4C7064892524FB5F001C2372 /* Preview Assets.xcassets in Resources */,
				4C7064862524FB5F001C2372 /* Assets.xcassets in Resources */,
			);
			runOnlyForDeploymentPostprocessing = 0;
		};
		4C7064922524FB5F001C2372 /* Resources */ = {
			isa = PBXResourcesBuildPhase;
			buildActionMask = 2147483647;
			files = (
			);
			runOnlyForDeploymentPostprocessing = 0;
		};
		4C70649D2524FB5F001C2372 /* Resources */ = {
			isa = PBXResourcesBuildPhase;
			buildActionMask = 2147483647;
			files = (
			);
			runOnlyForDeploymentPostprocessing = 0;
		};
/* End PBXResourcesBuildPhase section */

/* Begin PBXSourcesBuildPhase section */
		4C70647B2524FB5C001C2372 /* Sources */ = {
			isa = PBXSourcesBuildPhase;
			buildActionMask = 2147483647;
			files = (
				4C70648E2524FB5F001C2372 /* SwiftUITwoTodoMobile.xcdatamodeld in Sources */,
				4C70648B2524FB5F001C2372 /* Persistence.swift in Sources */,
				4CE8DC112528B5F300375423 /* NSManagedObjectContext+SaveOrAlert.swift in Sources */,
				4C7064842524FB5C001C2372 /* ContentView.swift in Sources */,
				4C7064822524FB5C001C2372 /* SwiftUITwoTodoMobileApp.swift in Sources */,
				4C8074B62527B41B0082A935 /* ItemForm.swift in Sources */,
			);
			runOnlyForDeploymentPostprocessing = 0;
		};
		4C7064902524FB5F001C2372 /* Sources */ = {
			isa = PBXSourcesBuildPhase;
			buildActionMask = 2147483647;
			files = (
				4C7064992524FB5F001C2372 /* SwiftUITwoTodoMobileTests.swift in Sources */,
			);
			runOnlyForDeploymentPostprocessing = 0;
		};
		4C70649B2524FB5F001C2372 /* Sources */ = {
			isa = PBXSourcesBuildPhase;
			buildActionMask = 2147483647;
			files = (
				4C7064A42524FB5F001C2372 /* SwiftUITwoTodoMobileUITests.swift in Sources */,
			);
			runOnlyForDeploymentPostprocessing = 0;
		};
/* End PBXSourcesBuildPhase section */

/* Begin PBXTargetDependency section */
		4C7064962524FB5F001C2372 /* PBXTargetDependency */ = {
			isa = PBXTargetDependency;
			target = 4C70647E2524FB5C001C2372 /* SwiftUITwoTodoMobile */;
			targetProxy = 4C7064952524FB5F001C2372 /* PBXContainerItemProxy */;
		};
		4C7064A12524FB5F001C2372 /* PBXTargetDependency */ = {
			isa = PBXTargetDependency;
			target = 4C70647E2524FB5C001C2372 /* SwiftUITwoTodoMobile */;
			targetProxy = 4C7064A02524FB5F001C2372 /* PBXContainerItemProxy */;
		};
/* End PBXTargetDependency section */

/* Begin XCBuildConfiguration section */
		4C7064002524F932001C2372 /* Debug */ = {
			isa = XCBuildConfiguration;
			buildSettings = {
			};
			name = Debug;
		};
		4C7064012524F932001C2372 /* Release */ = {
			isa = XCBuildConfiguration;
			buildSettings = {
			};
			name = Release;
		};
		4C7064A72524FB5F001C2372 /* Debug */ = {
			isa = XCBuildConfiguration;
			buildSettings = {
				ALWAYS_SEARCH_USER_PATHS = NO;
				ASSETCATALOG_COMPILER_APPICON_NAME = AppIcon;
				ASSETCATALOG_COMPILER_GLOBAL_ACCENT_COLOR_NAME = AccentColor;
				CLANG_ANALYZER_NONNULL = YES;
				CLANG_ANALYZER_NUMBER_OBJECT_CONVERSION = YES_AGGRESSIVE;
				CLANG_CXX_LANGUAGE_STANDARD = "gnu++14";
				CLANG_CXX_LIBRARY = "libc++";
				CLANG_ENABLE_MODULES = YES;
				CLANG_ENABLE_OBJC_ARC = YES;
				CLANG_ENABLE_OBJC_WEAK = YES;
				CLANG_WARN_BLOCK_CAPTURE_AUTORELEASING = YES;
				CLANG_WARN_BOOL_CONVERSION = YES;
				CLANG_WARN_COMMA = YES;
				CLANG_WARN_CONSTANT_CONVERSION = YES;
				CLANG_WARN_DEPRECATED_OBJC_IMPLEMENTATIONS = YES;
				CLANG_WARN_DIRECT_OBJC_ISA_USAGE = YES_ERROR;
				CLANG_WARN_DOCUMENTATION_COMMENTS = YES;
				CLANG_WARN_EMPTY_BODY = YES;
				CLANG_WARN_ENUM_CONVERSION = YES;
				CLANG_WARN_INFINITE_RECURSION = YES;
				CLANG_WARN_INT_CONVERSION = YES;
				CLANG_WARN_NON_LITERAL_NULL_CONVERSION = YES;
				CLANG_WARN_OBJC_IMPLICIT_RETAIN_SELF = YES;
				CLANG_WARN_OBJC_LITERAL_CONVERSION = YES;
				CLANG_WARN_OBJC_ROOT_CLASS = YES_ERROR;
				CLANG_WARN_QUOTED_INCLUDE_IN_FRAMEWORK_HEADER = YES;
				CLANG_WARN_RANGE_LOOP_ANALYSIS = YES;
				CLANG_WARN_STRICT_PROTOTYPES = YES;
				CLANG_WARN_SUSPICIOUS_MOVE = YES;
				CLANG_WARN_UNGUARDED_AVAILABILITY = YES_AGGRESSIVE;
				CLANG_WARN_UNREACHABLE_CODE = YES;
				CLANG_WARN__DUPLICATE_METHOD_MATCH = YES;
				CODE_SIGN_STYLE = Automatic;
				COPY_PHASE_STRIP = NO;
				DEBUG_INFORMATION_FORMAT = dwarf;
				DEVELOPMENT_ASSET_PATHS = "\"SwiftUITwoTodoMobile/Preview Content\"";
				DEVELOPMENT_TEAM = MBQ98GC8JT;
				ENABLE_PREVIEWS = YES;
				ENABLE_STRICT_OBJC_MSGSEND = YES;
				ENABLE_TESTABILITY = YES;
				GCC_C_LANGUAGE_STANDARD = gnu11;
				GCC_DYNAMIC_NO_PIC = NO;
				GCC_NO_COMMON_BLOCKS = YES;
				GCC_OPTIMIZATION_LEVEL = 0;
				GCC_PREPROCESSOR_DEFINITIONS = (
					"DEBUG=1",
					"$(inherited)",
				);
				GCC_WARN_64_TO_32_BIT_CONVERSION = YES;
				GCC_WARN_ABOUT_RETURN_TYPE = YES_ERROR;
				GCC_WARN_UNDECLARED_SELECTOR = YES;
				GCC_WARN_UNINITIALIZED_AUTOS = YES_AGGRESSIVE;
				GCC_WARN_UNUSED_FUNCTION = YES;
				GCC_WARN_UNUSED_VARIABLE = YES;
				INFOPLIST_FILE = SwiftUITwoTodoMobile/Info.plist;
				IPHONEOS_DEPLOYMENT_TARGET = 14.0;
				LD_RUNPATH_SEARCH_PATHS = (
					"$(inherited)",
					"@executable_path/Frameworks",
				);
				MTL_ENABLE_DEBUG_INFO = INCLUDE_SOURCE;
				MTL_FAST_MATH = YES;
				ONLY_ACTIVE_ARCH = YES;
				PRODUCT_BUNDLE_IDENTIFIER = renaud.jenny.SwiftUITwoTodoMobile;
				PRODUCT_NAME = "$(TARGET_NAME)";
				SDKROOT = iphoneos;
				SWIFT_ACTIVE_COMPILATION_CONDITIONS = DEBUG;
				SWIFT_OPTIMIZATION_LEVEL = "-Onone";
				SWIFT_VERSION = 5.0;
				TARGETED_DEVICE_FAMILY = "1,2";
			};
			name = Debug;
		};
		4C7064A82524FB5F001C2372 /* Release */ = {
			isa = XCBuildConfiguration;
			buildSettings = {
				ALWAYS_SEARCH_USER_PATHS = NO;
				ASSETCATALOG_COMPILER_APPICON_NAME = AppIcon;
				ASSETCATALOG_COMPILER_GLOBAL_ACCENT_COLOR_NAME = AccentColor;
				CLANG_ANALYZER_NONNULL = YES;
				CLANG_ANALYZER_NUMBER_OBJECT_CONVERSION = YES_AGGRESSIVE;
				CLANG_CXX_LANGUAGE_STANDARD = "gnu++14";
				CLANG_CXX_LIBRARY = "libc++";
				CLANG_ENABLE_MODULES = YES;
				CLANG_ENABLE_OBJC_ARC = YES;
				CLANG_ENABLE_OBJC_WEAK = YES;
				CLANG_WARN_BLOCK_CAPTURE_AUTORELEASING = YES;
				CLANG_WARN_BOOL_CONVERSION = YES;
				CLANG_WARN_COMMA = YES;
				CLANG_WARN_CONSTANT_CONVERSION = YES;
				CLANG_WARN_DEPRECATED_OBJC_IMPLEMENTATIONS = YES;
				CLANG_WARN_DIRECT_OBJC_ISA_USAGE = YES_ERROR;
				CLANG_WARN_DOCUMENTATION_COMMENTS = YES;
				CLANG_WARN_EMPTY_BODY = YES;
				CLANG_WARN_ENUM_CONVERSION = YES;
				CLANG_WARN_INFINITE_RECURSION = YES;
				CLANG_WARN_INT_CONVERSION = YES;
				CLANG_WARN_NON_LITERAL_NULL_CONVERSION = YES;
				CLANG_WARN_OBJC_IMPLICIT_RETAIN_SELF = YES;
				CLANG_WARN_OBJC_LITERAL_CONVERSION = YES;
				CLANG_WARN_OBJC_ROOT_CLASS = YES_ERROR;
				CLANG_WARN_QUOTED_INCLUDE_IN_FRAMEWORK_HEADER = YES;
				CLANG_WARN_RANGE_LOOP_ANALYSIS = YES;
				CLANG_WARN_STRICT_PROTOTYPES = YES;
				CLANG_WARN_SUSPICIOUS_MOVE = YES;
				CLANG_WARN_UNGUARDED_AVAILABILITY = YES_AGGRESSIVE;
				CLANG_WARN_UNREACHABLE_CODE = YES;
				CLANG_WARN__DUPLICATE_METHOD_MATCH = YES;
				CODE_SIGN_STYLE = Automatic;
				COPY_PHASE_STRIP = NO;
				DEBUG_INFORMATION_FORMAT = "dwarf-with-dsym";
				DEVELOPMENT_ASSET_PATHS = "\"SwiftUITwoTodoMobile/Preview Content\"";
				DEVELOPMENT_TEAM = MBQ98GC8JT;
				ENABLE_NS_ASSERTIONS = NO;
				ENABLE_PREVIEWS = YES;
				ENABLE_STRICT_OBJC_MSGSEND = YES;
				GCC_C_LANGUAGE_STANDARD = gnu11;
				GCC_NO_COMMON_BLOCKS = YES;
				GCC_WARN_64_TO_32_BIT_CONVERSION = YES;
				GCC_WARN_ABOUT_RETURN_TYPE = YES_ERROR;
				GCC_WARN_UNDECLARED_SELECTOR = YES;
				GCC_WARN_UNINITIALIZED_AUTOS = YES_AGGRESSIVE;
				GCC_WARN_UNUSED_FUNCTION = YES;
				GCC_WARN_UNUSED_VARIABLE = YES;
				INFOPLIST_FILE = SwiftUITwoTodoMobile/Info.plist;
				IPHONEOS_DEPLOYMENT_TARGET = 14.0;
				LD_RUNPATH_SEARCH_PATHS = (
					"$(inherited)",
					"@executable_path/Frameworks",
				);
				MTL_ENABLE_DEBUG_INFO = NO;
				MTL_FAST_MATH = YES;
				PRODUCT_BUNDLE_IDENTIFIER = renaud.jenny.SwiftUITwoTodoMobile;
				PRODUCT_NAME = "$(TARGET_NAME)";
				SDKROOT = iphoneos;
				SWIFT_COMPILATION_MODE = wholemodule;
				SWIFT_OPTIMIZATION_LEVEL = "-O";
				SWIFT_VERSION = 5.0;
				TARGETED_DEVICE_FAMILY = "1,2";
				VALIDATE_PRODUCT = YES;
			};
			name = Release;
		};
		4C7064AA2524FB5F001C2372 /* Debug */ = {
			isa = XCBuildConfiguration;
			buildSettings = {
				ALWAYS_EMBED_SWIFT_STANDARD_LIBRARIES = YES;
				ALWAYS_SEARCH_USER_PATHS = NO;
				BUNDLE_LOADER = "$(TEST_HOST)";
				CLANG_ANALYZER_NONNULL = YES;
				CLANG_ANALYZER_NUMBER_OBJECT_CONVERSION = YES_AGGRESSIVE;
				CLANG_CXX_LANGUAGE_STANDARD = "gnu++14";
				CLANG_CXX_LIBRARY = "libc++";
				CLANG_ENABLE_MODULES = YES;
				CLANG_ENABLE_OBJC_ARC = YES;
				CLANG_ENABLE_OBJC_WEAK = YES;
				CLANG_WARN_BLOCK_CAPTURE_AUTORELEASING = YES;
				CLANG_WARN_BOOL_CONVERSION = YES;
				CLANG_WARN_COMMA = YES;
				CLANG_WARN_CONSTANT_CONVERSION = YES;
				CLANG_WARN_DEPRECATED_OBJC_IMPLEMENTATIONS = YES;
				CLANG_WARN_DIRECT_OBJC_ISA_USAGE = YES_ERROR;
				CLANG_WARN_DOCUMENTATION_COMMENTS = YES;
				CLANG_WARN_EMPTY_BODY = YES;
				CLANG_WARN_ENUM_CONVERSION = YES;
				CLANG_WARN_INFINITE_RECURSION = YES;
				CLANG_WARN_INT_CONVERSION = YES;
				CLANG_WARN_NON_LITERAL_NULL_CONVERSION = YES;
				CLANG_WARN_OBJC_IMPLICIT_RETAIN_SELF = YES;
				CLANG_WARN_OBJC_LITERAL_CONVERSION = YES;
				CLANG_WARN_OBJC_ROOT_CLASS = YES_ERROR;
				CLANG_WARN_QUOTED_INCLUDE_IN_FRAMEWORK_HEADER = YES;
				CLANG_WARN_RANGE_LOOP_ANALYSIS = YES;
				CLANG_WARN_STRICT_PROTOTYPES = YES;
				CLANG_WARN_SUSPICIOUS_MOVE = YES;
				CLANG_WARN_UNGUARDED_AVAILABILITY = YES_AGGRESSIVE;
				CLANG_WARN_UNREACHABLE_CODE = YES;
				CLANG_WARN__DUPLICATE_METHOD_MATCH = YES;
				CODE_SIGN_STYLE = Automatic;
				COPY_PHASE_STRIP = NO;
				DEBUG_INFORMATION_FORMAT = dwarf;
				DEVELOPMENT_TEAM = MBQ98GC8JT;
				ENABLE_STRICT_OBJC_MSGSEND = YES;
				ENABLE_TESTABILITY = YES;
				GCC_C_LANGUAGE_STANDARD = gnu11;
				GCC_DYNAMIC_NO_PIC = NO;
				GCC_NO_COMMON_BLOCKS = YES;
				GCC_OPTIMIZATION_LEVEL = 0;
				GCC_PREPROCESSOR_DEFINITIONS = (
					"DEBUG=1",
					"$(inherited)",
				);
				GCC_WARN_64_TO_32_BIT_CONVERSION = YES;
				GCC_WARN_ABOUT_RETURN_TYPE = YES_ERROR;
				GCC_WARN_UNDECLARED_SELECTOR = YES;
				GCC_WARN_UNINITIALIZED_AUTOS = YES_AGGRESSIVE;
				GCC_WARN_UNUSED_FUNCTION = YES;
				GCC_WARN_UNUSED_VARIABLE = YES;
				INFOPLIST_FILE = SwiftUITwoTodoMobileTests/Info.plist;
				IPHONEOS_DEPLOYMENT_TARGET = 14.0;
				LD_RUNPATH_SEARCH_PATHS = (
					"$(inherited)",
					"@executable_path/Frameworks",
					"@loader_path/Frameworks",
				);
				MTL_ENABLE_DEBUG_INFO = INCLUDE_SOURCE;
				MTL_FAST_MATH = YES;
				ONLY_ACTIVE_ARCH = YES;
				PRODUCT_BUNDLE_IDENTIFIER = renaud.jenny.SwiftUITwoTodoMobileTests;
				PRODUCT_NAME = "$(TARGET_NAME)";
				SDKROOT = iphoneos;
				SWIFT_ACTIVE_COMPILATION_CONDITIONS = DEBUG;
				SWIFT_OPTIMIZATION_LEVEL = "-Onone";
				SWIFT_VERSION = 5.0;
				TARGETED_DEVICE_FAMILY = "1,2";
				TEST_HOST = "$(BUILT_PRODUCTS_DIR)/SwiftUITwoTodoMobile.app/SwiftUITwoTodoMobile";
			};
			name = Debug;
		};
		4C7064AB2524FB5F001C2372 /* Release */ = {
			isa = XCBuildConfiguration;
			buildSettings = {
				ALWAYS_EMBED_SWIFT_STANDARD_LIBRARIES = YES;
				ALWAYS_SEARCH_USER_PATHS = NO;
				BUNDLE_LOADER = "$(TEST_HOST)";
				CLANG_ANALYZER_NONNULL = YES;
				CLANG_ANALYZER_NUMBER_OBJECT_CONVERSION = YES_AGGRESSIVE;
				CLANG_CXX_LANGUAGE_STANDARD = "gnu++14";
				CLANG_CXX_LIBRARY = "libc++";
				CLANG_ENABLE_MODULES = YES;
				CLANG_ENABLE_OBJC_ARC = YES;
				CLANG_ENABLE_OBJC_WEAK = YES;
				CLANG_WARN_BLOCK_CAPTURE_AUTORELEASING = YES;
				CLANG_WARN_BOOL_CONVERSION = YES;
				CLANG_WARN_COMMA = YES;
				CLANG_WARN_CONSTANT_CONVERSION = YES;
				CLANG_WARN_DEPRECATED_OBJC_IMPLEMENTATIONS = YES;
				CLANG_WARN_DIRECT_OBJC_ISA_USAGE = YES_ERROR;
				CLANG_WARN_DOCUMENTATION_COMMENTS = YES;
				CLANG_WARN_EMPTY_BODY = YES;
				CLANG_WARN_ENUM_CONVERSION = YES;
				CLANG_WARN_INFINITE_RECURSION = YES;
				CLANG_WARN_INT_CONVERSION = YES;
				CLANG_WARN_NON_LITERAL_NULL_CONVERSION = YES;
				CLANG_WARN_OBJC_IMPLICIT_RETAIN_SELF = YES;
				CLANG_WARN_OBJC_LITERAL_CONVERSION = YES;
				CLANG_WARN_OBJC_ROOT_CLASS = YES_ERROR;
				CLANG_WARN_QUOTED_INCLUDE_IN_FRAMEWORK_HEADER = YES;
				CLANG_WARN_RANGE_LOOP_ANALYSIS = YES;
				CLANG_WARN_STRICT_PROTOTYPES = YES;
				CLANG_WARN_SUSPICIOUS_MOVE = YES;
				CLANG_WARN_UNGUARDED_AVAILABILITY = YES_AGGRESSIVE;
				CLANG_WARN_UNREACHABLE_CODE = YES;
				CLANG_WARN__DUPLICATE_METHOD_MATCH = YES;
				CODE_SIGN_STYLE = Automatic;
				COPY_PHASE_STRIP = NO;
				DEBUG_INFORMATION_FORMAT = "dwarf-with-dsym";
				DEVELOPMENT_TEAM = MBQ98GC8JT;
				ENABLE_NS_ASSERTIONS = NO;
				ENABLE_STRICT_OBJC_MSGSEND = YES;
				GCC_C_LANGUAGE_STANDARD = gnu11;
				GCC_NO_COMMON_BLOCKS = YES;
				GCC_WARN_64_TO_32_BIT_CONVERSION = YES;
				GCC_WARN_ABOUT_RETURN_TYPE = YES_ERROR;
				GCC_WARN_UNDECLARED_SELECTOR = YES;
				GCC_WARN_UNINITIALIZED_AUTOS = YES_AGGRESSIVE;
				GCC_WARN_UNUSED_FUNCTION = YES;
				GCC_WARN_UNUSED_VARIABLE = YES;
				INFOPLIST_FILE = SwiftUITwoTodoMobileTests/Info.plist;
				IPHONEOS_DEPLOYMENT_TARGET = 14.0;
				LD_RUNPATH_SEARCH_PATHS = (
					"$(inherited)",
					"@executable_path/Frameworks",
					"@loader_path/Frameworks",
				);
				MTL_ENABLE_DEBUG_INFO = NO;
				MTL_FAST_MATH = YES;
				PRODUCT_BUNDLE_IDENTIFIER = renaud.jenny.SwiftUITwoTodoMobileTests;
				PRODUCT_NAME = "$(TARGET_NAME)";
				SDKROOT = iphoneos;
				SWIFT_COMPILATION_MODE = wholemodule;
				SWIFT_OPTIMIZATION_LEVEL = "-O";
				SWIFT_VERSION = 5.0;
				TARGETED_DEVICE_FAMILY = "1,2";
				TEST_HOST = "$(BUILT_PRODUCTS_DIR)/SwiftUITwoTodoMobile.app/SwiftUITwoTodoMobile";
				VALIDATE_PRODUCT = YES;
			};
			name = Release;
		};
		4C7064AD2524FB5F001C2372 /* Debug */ = {
			isa = XCBuildConfiguration;
			buildSettings = {
				ALWAYS_EMBED_SWIFT_STANDARD_LIBRARIES = YES;
				ALWAYS_SEARCH_USER_PATHS = NO;
				CLANG_ANALYZER_NONNULL = YES;
				CLANG_ANALYZER_NUMBER_OBJECT_CONVERSION = YES_AGGRESSIVE;
				CLANG_CXX_LANGUAGE_STANDARD = "gnu++14";
				CLANG_CXX_LIBRARY = "libc++";
				CLANG_ENABLE_MODULES = YES;
				CLANG_ENABLE_OBJC_ARC = YES;
				CLANG_ENABLE_OBJC_WEAK = YES;
				CLANG_WARN_BLOCK_CAPTURE_AUTORELEASING = YES;
				CLANG_WARN_BOOL_CONVERSION = YES;
				CLANG_WARN_COMMA = YES;
				CLANG_WARN_CONSTANT_CONVERSION = YES;
				CLANG_WARN_DEPRECATED_OBJC_IMPLEMENTATIONS = YES;
				CLANG_WARN_DIRECT_OBJC_ISA_USAGE = YES_ERROR;
				CLANG_WARN_DOCUMENTATION_COMMENTS = YES;
				CLANG_WARN_EMPTY_BODY = YES;
				CLANG_WARN_ENUM_CONVERSION = YES;
				CLANG_WARN_INFINITE_RECURSION = YES;
				CLANG_WARN_INT_CONVERSION = YES;
				CLANG_WARN_NON_LITERAL_NULL_CONVERSION = YES;
				CLANG_WARN_OBJC_IMPLICIT_RETAIN_SELF = YES;
				CLANG_WARN_OBJC_LITERAL_CONVERSION = YES;
				CLANG_WARN_OBJC_ROOT_CLASS = YES_ERROR;
				CLANG_WARN_QUOTED_INCLUDE_IN_FRAMEWORK_HEADER = YES;
				CLANG_WARN_RANGE_LOOP_ANALYSIS = YES;
				CLANG_WARN_STRICT_PROTOTYPES = YES;
				CLANG_WARN_SUSPICIOUS_MOVE = YES;
				CLANG_WARN_UNGUARDED_AVAILABILITY = YES_AGGRESSIVE;
				CLANG_WARN_UNREACHABLE_CODE = YES;
				CLANG_WARN__DUPLICATE_METHOD_MATCH = YES;
				CODE_SIGN_STYLE = Automatic;
				COPY_PHASE_STRIP = NO;
				DEBUG_INFORMATION_FORMAT = dwarf;
				DEVELOPMENT_TEAM = MBQ98GC8JT;
				ENABLE_STRICT_OBJC_MSGSEND = YES;
				ENABLE_TESTABILITY = YES;
				GCC_C_LANGUAGE_STANDARD = gnu11;
				GCC_DYNAMIC_NO_PIC = NO;
				GCC_NO_COMMON_BLOCKS = YES;
				GCC_OPTIMIZATION_LEVEL = 0;
				GCC_PREPROCESSOR_DEFINITIONS = (
					"DEBUG=1",
					"$(inherited)",
				);
				GCC_WARN_64_TO_32_BIT_CONVERSION = YES;
				GCC_WARN_ABOUT_RETURN_TYPE = YES_ERROR;
				GCC_WARN_UNDECLARED_SELECTOR = YES;
				GCC_WARN_UNINITIALIZED_AUTOS = YES_AGGRESSIVE;
				GCC_WARN_UNUSED_FUNCTION = YES;
				GCC_WARN_UNUSED_VARIABLE = YES;
				INFOPLIST_FILE = SwiftUITwoTodoMobileUITests/Info.plist;
				IPHONEOS_DEPLOYMENT_TARGET = 14.0;
				LD_RUNPATH_SEARCH_PATHS = (
					"$(inherited)",
					"@executable_path/Frameworks",
					"@loader_path/Frameworks",
				);
				MTL_ENABLE_DEBUG_INFO = INCLUDE_SOURCE;
				MTL_FAST_MATH = YES;
				ONLY_ACTIVE_ARCH = YES;
				PRODUCT_BUNDLE_IDENTIFIER = renaud.jenny.SwiftUITwoTodoMobileUITests;
				PRODUCT_NAME = "$(TARGET_NAME)";
				SDKROOT = iphoneos;
				SWIFT_ACTIVE_COMPILATION_CONDITIONS = DEBUG;
				SWIFT_OPTIMIZATION_LEVEL = "-Onone";
				SWIFT_VERSION = 5.0;
				TARGETED_DEVICE_FAMILY = "1,2";
				TEST_TARGET_NAME = SwiftUITwoTodoMobile;
			};
			name = Debug;
		};
		4C7064AE2524FB5F001C2372 /* Release */ = {
			isa = XCBuildConfiguration;
			buildSettings = {
				ALWAYS_EMBED_SWIFT_STANDARD_LIBRARIES = YES;
				ALWAYS_SEARCH_USER_PATHS = NO;
				CLANG_ANALYZER_NONNULL = YES;
				CLANG_ANALYZER_NUMBER_OBJECT_CONVERSION = YES_AGGRESSIVE;
				CLANG_CXX_LANGUAGE_STANDARD = "gnu++14";
				CLANG_CXX_LIBRARY = "libc++";
				CLANG_ENABLE_MODULES = YES;
				CLANG_ENABLE_OBJC_ARC = YES;
				CLANG_ENABLE_OBJC_WEAK = YES;
				CLANG_WARN_BLOCK_CAPTURE_AUTORELEASING = YES;
				CLANG_WARN_BOOL_CONVERSION = YES;
				CLANG_WARN_COMMA = YES;
				CLANG_WARN_CONSTANT_CONVERSION = YES;
				CLANG_WARN_DEPRECATED_OBJC_IMPLEMENTATIONS = YES;
				CLANG_WARN_DIRECT_OBJC_ISA_USAGE = YES_ERROR;
				CLANG_WARN_DOCUMENTATION_COMMENTS = YES;
				CLANG_WARN_EMPTY_BODY = YES;
				CLANG_WARN_ENUM_CONVERSION = YES;
				CLANG_WARN_INFINITE_RECURSION = YES;
				CLANG_WARN_INT_CONVERSION = YES;
				CLANG_WARN_NON_LITERAL_NULL_CONVERSION = YES;
				CLANG_WARN_OBJC_IMPLICIT_RETAIN_SELF = YES;
				CLANG_WARN_OBJC_LITERAL_CONVERSION = YES;
				CLANG_WARN_OBJC_ROOT_CLASS = YES_ERROR;
				CLANG_WARN_QUOTED_INCLUDE_IN_FRAMEWORK_HEADER = YES;
				CLANG_WARN_RANGE_LOOP_ANALYSIS = YES;
				CLANG_WARN_STRICT_PROTOTYPES = YES;
				CLANG_WARN_SUSPICIOUS_MOVE = YES;
				CLANG_WARN_UNGUARDED_AVAILABILITY = YES_AGGRESSIVE;
				CLANG_WARN_UNREACHABLE_CODE = YES;
				CLANG_WARN__DUPLICATE_METHOD_MATCH = YES;
				CODE_SIGN_STYLE = Automatic;
				COPY_PHASE_STRIP = NO;
				DEBUG_INFORMATION_FORMAT = "dwarf-with-dsym";
				DEVELOPMENT_TEAM = MBQ98GC8JT;
				ENABLE_NS_ASSERTIONS = NO;
				ENABLE_STRICT_OBJC_MSGSEND = YES;
				GCC_C_LANGUAGE_STANDARD = gnu11;
				GCC_NO_COMMON_BLOCKS = YES;
				GCC_WARN_64_TO_32_BIT_CONVERSION = YES;
				GCC_WARN_ABOUT_RETURN_TYPE = YES_ERROR;
				GCC_WARN_UNDECLARED_SELECTOR = YES;
				GCC_WARN_UNINITIALIZED_AUTOS = YES_AGGRESSIVE;
				GCC_WARN_UNUSED_FUNCTION = YES;
				GCC_WARN_UNUSED_VARIABLE = YES;
				INFOPLIST_FILE = SwiftUITwoTodoMobileUITests/Info.plist;
				IPHONEOS_DEPLOYMENT_TARGET = 14.0;
				LD_RUNPATH_SEARCH_PATHS = (
					"$(inherited)",
					"@executable_path/Frameworks",
					"@loader_path/Frameworks",
				);
				MTL_ENABLE_DEBUG_INFO = NO;
				MTL_FAST_MATH = YES;
				PRODUCT_BUNDLE_IDENTIFIER = renaud.jenny.SwiftUITwoTodoMobileUITests;
				PRODUCT_NAME = "$(TARGET_NAME)";
				SDKROOT = iphoneos;
				SWIFT_COMPILATION_MODE = wholemodule;
				SWIFT_OPTIMIZATION_LEVEL = "-O";
				SWIFT_VERSION = 5.0;
				TARGETED_DEVICE_FAMILY = "1,2";
				TEST_TARGET_NAME = SwiftUITwoTodoMobile;
				VALIDATE_PRODUCT = YES;
			};
			name = Release;
		};
/* End XCBuildConfiguration section */

/* Begin XCConfigurationList section */
		4C7063FF2524F932001C2372 /* Build configuration list for PBXProject "SwiftUITwoTodo" */ = {
			isa = XCConfigurationList;
			buildConfigurations = (
				4C7064002524F932001C2372 /* Debug */,
				4C7064012524F932001C2372 /* Release */,
			);
			defaultConfigurationIsVisible = 0;
			defaultConfigurationName = Release;
		};
		4C7064A62524FB5F001C2372 /* Build configuration list for PBXNativeTarget "SwiftUITwoTodoMobile" */ = {
			isa = XCConfigurationList;
			buildConfigurations = (
				4C7064A72524FB5F001C2372 /* Debug */,
				4C7064A82524FB5F001C2372 /* Release */,
			);
			defaultConfigurationIsVisible = 0;
			defaultConfigurationName = Release;
		};
		4C7064A92524FB5F001C2372 /* Build configuration list for PBXNativeTarget "SwiftUITwoTodoMobileTests" */ = {
			isa = XCConfigurationList;
			buildConfigurations = (
				4C7064AA2524FB5F001C2372 /* Debug */,
				4C7064AB2524FB5F001C2372 /* Release */,
			);
			defaultConfigurationIsVisible = 0;
			defaultConfigurationName = Release;
		};
		4C7064AC2524FB5F001C2372 /* Build configuration list for PBXNativeTarget "SwiftUITwoTodoMobileUITests" */ = {
			isa = XCConfigurationList;
			buildConfigurations = (
				4C7064AD2524FB5F001C2372 /* Debug */,
				4C7064AE2524FB5F001C2372 /* Release */,
			);
			defaultConfigurationIsVisible = 0;
			defaultConfigurationName = Release;
		};
/* End XCConfigurationList section */

/* Begin XCVersionGroup section */
		4C70648C2524FB5F001C2372 /* SwiftUITwoTodoMobile.xcdatamodeld */ = {
			isa = XCVersionGroup;
			children = (
				4C70648D2524FB5F001C2372 /* SwiftUITwoTodoMobile.xcdatamodel */,
			);
			currentVersion = 4C70648D2524FB5F001C2372 /* SwiftUITwoTodoMobile.xcdatamodel */;
			path = SwiftUITwoTodoMobile.xcdatamodeld;
			sourceTree = "<group>";
			versionGroupType = wrapper.xcdatamodel;
		};
/* End XCVersionGroup section */
	};
	rootObject = 4C7063FC2524F932001C2372 /* Project object */;
}
